
Microsoft Visual Studio Solution File, Format Version 12.00
# Visual Studio Version 17
VisualStudioVersion = 17.4.33110.190
MinimumVisualStudioVersion = 10.0.40219.1
Project("{FAE04EC0-301F-11D3-BF4B-00C04F79EFBC}") = "KFU-Lesson-10", "KFU-Lesson-10\KFU-Lesson-10.csproj", "{2C19EB43-5B92-4BDA-B7DF-1B0944862606}"
EndProject
Project("{FAE04EC0-301F-11D3-BF4B-00C04F79EFBC}") = "T00Much", "T00Much\T00Much.csproj", "{DEC7176B-367F-4C85-A8AD-71681F022F8B}"
EndProject
Global
	GlobalSection(SolutionConfigurationPlatforms) = preSolution
		Debug|Any CPU = Debug|Any CPU
		Release|Any CPU = Release|Any CPU
	EndGlobalSection
	GlobalSection(ProjectConfigurationPlatforms) = postSolution
		{2C19EB43-5B92-4BDA-B7DF-1B0944862606}.Debug|Any CPU.ActiveCfg = Debug|Any CPU
		{2C19EB43-5B92-4BDA-B7DF-1B0944862606}.Debug|Any CPU.Build.0 = Debug|Any CPU
		{2C19EB43-5B92-4BDA-B7DF-1B0944862606}.Release|Any CPU.ActiveCfg = Release|Any CPU
		{2C19EB43-5B92-4BDA-B7DF-1B0944862606}.Release|Any CPU.Build.0 = Release|Any CPU
		{DEC7176B-367F-4C85-A8AD-71681F022F8B}.Debug|Any CPU.ActiveCfg = Debug|Any CPU
		{DEC7176B-367F-4C85-A8AD-71681F022F8B}.Debug|Any CPU.Build.0 = Debug|Any CPU
		{DEC7176B-367F-4C85-A8AD-71681F022F8B}.Release|Any CPU.ActiveCfg = Release|Any CPU
		{DEC7176B-367F-4C85-A8AD-71681F022F8B}.Release|Any CPU.Build.0 = Release|Any CPU
	EndGlobalSection
	GlobalSection(SolutionProperties) = preSolution
		HideSolutionNode = FALSE
	EndGlobalSection
	GlobalSection(ExtensibilityGlobals) = postSolution
		SolutionGuid = {2AD6DB74-D710-4E4B-B605-ACDA1F975D61}
	EndGlobalSection
EndGlobal
